
Microsoft Visual Studio Solution File, Format Version 12.00
Project("{FAE04EC0-301F-11D3-BF4B-00C04F79EFBC}") = "DragaliaModTools", "DragaliaModTools\DragaliaModTools.csproj", "{8988EE7A-60FF-4E52-87B1-3A01F5D0BE6D}"
EndProject
Project("{FAE04EC0-301F-11D3-BF4B-00C04F79EFBC}") = "DragaliaModTools.Console", "DragaliaModTools.Console\DragaliaModTools.Console.csproj", "{C6B9726C-D6C4-47FD-8C4E-C9391E56C318}"
EndProject
Global
	GlobalSection(SolutionConfigurationPlatforms) = preSolution
		Debug|Any CPU = Debug|Any CPU
		Release|Any CPU = Release|Any CPU
	EndGlobalSection
	GlobalSection(ProjectConfigurationPlatforms) = postSolution
		{8988EE7A-60FF-4E52-87B1-3A01F5D0BE6D}.Debug|Any CPU.ActiveCfg = Debug|Any CPU
		{8988EE7A-60FF-4E52-87B1-3A01F5D0BE6D}.Debug|Any CPU.Build.0 = Debug|Any CPU
		{8988EE7A-60FF-4E52-87B1-3A01F5D0BE6D}.Release|Any CPU.ActiveCfg = Release|Any CPU
		{8988EE7A-60FF-4E52-87B1-3A01F5D0BE6D}.Release|Any CPU.Build.0 = Release|Any CPU
		{C6B9726C-D6C4-47FD-8C4E-C9391E56C318}.Debug|Any CPU.ActiveCfg = Debug|Any CPU
		{C6B9726C-D6C4-47FD-8C4E-C9391E56C318}.Debug|Any CPU.Build.0 = Debug|Any CPU
		{C6B9726C-D6C4-47FD-8C4E-C9391E56C318}.Release|Any CPU.ActiveCfg = Release|Any CPU
		{C6B9726C-D6C4-47FD-8C4E-C9391E56C318}.Release|Any CPU.Build.0 = Release|Any CPU
	EndGlobalSection
EndGlobal
